
Microsoft Visual Studio Solution File, Format Version 12.00
# Visual Studio Version 16
VisualStudioVersion = 16.0.34301.259
MinimumVisualStudioVersion = 10.0.40219.1
Project("{FAE04EC0-301F-11D3-BF4B-00C04F79EFBC}") = "WebPortal", "WebPortal\WebPortal.csproj", "{21AE573F-CB8E-4DE8-A997-DB70674E4720}"
EndProject
Global
	GlobalSection(SolutionConfigurationPlatforms) = preSolution
		Debug|Any CPU = Debug|Any CPU
		Release|Any CPU = Release|Any CPU
	EndGlobalSection
	GlobalSection(ProjectConfigurationPlatforms) = postSolution
		{21AE573F-CB8E-4DE8-A997-DB70674E4720}.Debug|Any CPU.ActiveCfg = Debug|Any CPU
		{21AE573F-CB8E-4DE8-A997-DB70674E4720}.Debug|Any CPU.Build.0 = Debug|Any CPU
		{21AE573F-CB8E-4DE8-A997-DB70674E4720}.Release|Any CPU.ActiveCfg = Release|Any CPU
		{21AE573F-CB8E-4DE8-A997-DB70674E4720}.Release|Any CPU.Build.0 = Release|Any CPU
	EndGlobalSection
	GlobalSection(SolutionProperties) = preSolution
		HideSolutionNode = FALSE
	EndGlobalSection
	GlobalSection(ExtensibilityGlobals) = postSolution
		SolutionGuid = {3D3AECFD-A86C-4431-A9AF-C385B48DB09B}
	EndGlobalSection
EndGlobal
